[[package]]
name = "scons"
version = "4.5.2"
description = "Open Source next-generation build tool."
category = "dev"
optional = false
python-versions = ">=3.6"

[metadata]
lock-version = "1.1"
python-versions = "^3.10"
content-hash = "d08b47dddc98f1f82d88c24223b45359a275e7e53e2253593d15b0be8b7a8a1e"

[metadata.files]
scons = [
    {file = "SCons-4.5.2-py3-none-any.whl", hash = "sha256:2f66a1c5c485068a496c12356583eefb2d79e17177278c7334b12b460f0503ce"},
    {file = "SCons-4.5.2.tar.gz", hash = "sha256:813360b2bce476bc9cc12a0f3a22d46ce520796b352557202cb07d3e402f5458"},
]
